github.com/andygeiss/esp32-controller v0.1.0 h1:o+SaEmOA3Sh3Qhxf7xqUpouE9Y39AneYEYrjdP6twAI=
github.com/andygeiss/esp32-controller v0.1.0/go.mod h1:5bEu/i+U9pklziFmp1rJ8ijpz43Gzyz3jmL8+UrI+ys=
github.com/andygeiss/utils v0.9.1 h1:PFFgmdwNDO2/bHA/4F7/fozifH+lPyuMBAhsBuTLGf8=
github.com/andygeiss/utils v0.9.1/go.mod h1:Jatj6UsFNUMgf+9vPeMZ9il72nARlhMvc54r7AiPPiU=
