github.com/andygeiss/assert v0.0.6/go.mod h1:ztUvWrfUo43X0zMA1XfX8esn5Uavk6ANSKTT0w2qvAI=
github.com/andygeiss/assert v0.0.7 h1:z6+F+CfaeEyC48nSe7kstV8nOl4edUrhpqPIBzc4C4c=
github.com/andygeiss/assert v0.0.7/go.mod h1:ztUvWrfUo43X0zMA1XfX8esn5Uavk6ANSKTT0w2qvAI=
github.com/andygeiss/esp32-controller v0.0.2 h1:PX+hOW3ZVdnBnbtqCqPJkotv8Oie5m7xhtPP9gOPMAU=
github.com/andygeiss/esp32-controller v0.0.2/go.mod h1:T2MNTWCrhzio8/rP0FbwKRbrkUY4adcyY7z6hpc4iUk=
